github.com/cohesion-org/deepseek-go v1.3.2 h1:WTZ/2346KFYca+n+DL5p+Ar1RQxF2w/wGkU4jDvyXaQ=
github.com/cohesion-org/deepseek-go v1.3.2/go.mod h1:bOVyKj38r90UEYZFrmJOzJKPxuAh8sIzHOCnLOpiXeI=
github.com/joho/godotenv v1.5.1 h1:7eLL/+HRGLY0ldzfGMeQkb7vMd0as4CfYvUVzLqw0N0=
github.com/joho/godotenv v1.5.1/go.mod h1:f4LDr5Voq0i2e/R5DDNOoa2zzDfwtkZa6DnEwAbqwq4=
github.com/ollama/ollama v0.6.5 h1:vXKkVX57ql/1ZzMw4SVK866Qfd6pjwEcITVyEpF0QXQ=
github.com/ollama/ollama v0.6.5/go.mod h1:pGgtoNyc9DdM6oZI6yMfI6jTk2Eh4c36c2GpfQCH7PY=
